
Microsoft Visual Studio Solution File, Format Version 12.00
# Visual Studio Version 16
VisualStudioVersion = 16.0.29728.190
MinimumVisualStudioVersion = 10.0.40219.1
Project("{9A19103F-16F7-4668-BE54-9A1E7A4F7556}") = "lab_14", "lab_14\lab_14.csproj", "{6A4CAC18-6238-41EB-83AA-0D54A0B17BDF}"
EndProject
Global
	GlobalSection(SolutionConfigurationPlatforms) = preSolution
		Debug|Any CPU = Debug|Any CPU
		Release|Any CPU = Release|Any CPU
	EndGlobalSection
	GlobalSection(ProjectConfigurationPlatforms) = postSolution
		{6A4CAC18-6238-41EB-83AA-0D54A0B17BDF}.Debug|Any CPU.ActiveCfg = Debug|Any CPU
		{6A4CAC18-6238-41EB-83AA-0D54A0B17BDF}.Debug|Any CPU.Build.0 = Debug|Any CPU
		{6A4CAC18-6238-41EB-83AA-0D54A0B17BDF}.Release|Any CPU.ActiveCfg = Release|Any CPU
		{6A4CAC18-6238-41EB-83AA-0D54A0B17BDF}.Release|Any CPU.Build.0 = Release|Any CPU
	EndGlobalSection
	GlobalSection(SolutionProperties) = preSolution
		HideSolutionNode = FALSE
	EndGlobalSection
	GlobalSection(ExtensibilityGlobals) = postSolution
		SolutionGuid = {49BF252B-0FD7-4A02-9FC4-7B24FEA9328C}
	EndGlobalSection
EndGlobal
